
Microsoft Visual Studio Solution File, Format Version 12.00
# Visual Studio 2013
VisualStudioVersion = 12.0.21005.1
MinimumVisualStudioVersion = 10.0.40219.1
Project("{FAE04EC0-301F-11D3-BF4B-00C04F79EFBC}") = "SmartAccess", "SmartAccess\SmartAccess.csproj", "{1FFEE568-914E-4C27-ACA0-943916D483EC}"
EndProject
Project("{FAE04EC0-301F-11D3-BF4B-00C04F79EFBC}") = "Li.Controls", "Li.Controls\Li.Controls.csproj", "{3D529AA3-FF22-4E41-9924-0B0777D640B6}"
EndProject
Project("{FAE04EC0-301F-11D3-BF4B-00C04F79EFBC}") = "Li.Access.Core", "Li.Access.Core\Li.Access.Core.csproj", "{F0B4A7A3-EF20-45EF-8794-BEAC15C9EB22}"
EndProject
Project("{FAE04EC0-301F-11D3-BF4B-00C04F79EFBC}") = "TestAccessCtrler", "TestAccessCtrler\TestAccessCtrler.csproj", "{5AE3FF6A-E313-4CCB-B0DF-0739BD70C884}"
EndProject
Project("{2150E333-8FDC-42A3-9474-1A3956D46DE8}") = "Client", "Client", "{A90B125A-5680-467C-B24A-592750A36211}"
EndProject
Project("{2150E333-8FDC-42A3-9474-1A3956D46DE8}") = "Libs", "Libs", "{A71586AE-CD93-4D85-913B-FB1FE09FC2A0}"
EndProject
Project("{2150E333-8FDC-42A3-9474-1A3956D46DE8}") = "Server", "Server", "{854804DF-33BC-4EFA-9A9A-22505B5CB573}"
EndProject
Project("{FAE04EC0-301F-11D3-BF4B-00C04F79EFBC}") = "Li.Database", "Li.Database\Li.Database.csproj", "{86BA130F-AC75-4C26-9989-74C48CAE03CF}"
EndProject
Project("{FAE04EC0-301F-11D3-BF4B-00C04F79EFBC}") = "SmartAcsService", "SmartAcsService\SmartAcsService.csproj", "{C906ADFF-96AF-4219-B106-1CC1241328E0}"
EndProject
Project("{FAE04EC0-301F-11D3-BF4B-00C04F79EFBC}") = "Li.SmartAcsServer", "Li.SmartAcsServer\Li.SmartAcsServer.csproj", "{7BF27748-B5CE-4D86-957C-4DAF1B628431}"
EndProject
Project("{FAE04EC0-301F-11D3-BF4B-00C04F79EFBC}") = "Camera_NET", "Camera_Net\Camera_NET.csproj", "{E6052609-A070-41D5-85B9-ACABA91170C5}"
EndProject
Project("{FAE04EC0-301F-11D3-BF4B-00C04F79EFBC}") = "DirectShowLib-2010", "DirectShowLib\DirectShowLib-2010.csproj", "{CE009BFA-5EF6-4153-B2A1-2FA79698A9AE}"
EndProject
Project("{FAE04EC0-301F-11D3-BF4B-00C04F79EFBC}") = "SmartServiceConfig", "SmartServiceConfig\SmartServiceConfig.csproj", "{19DEA712-F219-4550-91F1-A1AB97F49F03}"
EndProject
Project("{FAE04EC0-301F-11D3-BF4B-00C04F79EFBC}") = "SmartKey", "SmartKey\SmartKey.csproj", "{F874A24B-D12B-4452-A9BF-9C8475F1C5AE}"
EndProject
Project("{FAE04EC0-301F-11D3-BF4B-00C04F79EFBC}") = "Li.UdpBroadcastMessage", "Li.UdpBroadcastMessage\Li.UdpBroadcastMessage.csproj", "{189E5152-CDA5-4E92-8331-591CE3E1200A}"
EndProject
Global
	GlobalSection(SolutionConfigurationPlatforms) = preSolution
		Debug|Any CPU = Debug|Any CPU
		Release|Any CPU = Release|Any CPU
	EndGlobalSection
	GlobalSection(ProjectConfigurationPlatforms) = postSolution
		{1FFEE568-914E-4C27-ACA0-943916D483EC}.Debug|Any CPU.ActiveCfg = Debug|Any CPU
		{1FFEE568-914E-4C27-ACA0-943916D483EC}.Debug|Any CPU.Build.0 = Debug|Any CPU
		{1FFEE568-914E-4C27-ACA0-943916D483EC}.Release|Any CPU.ActiveCfg = Release|Any CPU
		{1FFEE568-914E-4C27-ACA0-943916D483EC}.Release|Any CPU.Build.0 = Release|Any CPU
		{3D529AA3-FF22-4E41-9924-0B0777D640B6}.Debug|Any CPU.ActiveCfg = Debug|Any CPU
		{3D529AA3-FF22-4E41-9924-0B0777D640B6}.Debug|Any CPU.Build.0 = Debug|Any CPU
		{3D529AA3-FF22-4E41-9924-0B0777D640B6}.Release|Any CPU.ActiveCfg = Release|Any CPU
		{3D529AA3-FF22-4E41-9924-0B0777D640B6}.Release|Any CPU.Build.0 = Release|Any CPU
		{F0B4A7A3-EF20-45EF-8794-BEAC15C9EB22}.Debug|Any CPU.ActiveCfg = Debug|Any CPU
		{F0B4A7A3-EF20-45EF-8794-BEAC15C9EB22}.Debug|Any CPU.Build.0 = Debug|Any CPU
		{F0B4A7A3-EF20-45EF-8794-BEAC15C9EB22}.Release|Any CPU.ActiveCfg = Release|Any CPU
		{F0B4A7A3-EF20-45EF-8794-BEAC15C9EB22}.Release|Any CPU.Build.0 = Release|Any CPU
		{5AE3FF6A-E313-4CCB-B0DF-0739BD70C884}.Debug|Any CPU.ActiveCfg = Debug|Any CPU
		{5AE3FF6A-E313-4CCB-B0DF-0739BD70C884}.Debug|Any CPU.Build.0 = Debug|Any CPU
		{5AE3FF6A-E313-4CCB-B0DF-0739BD70C884}.Release|Any CPU.ActiveCfg = Release|Any CPU
		{5AE3FF6A-E313-4CCB-B0DF-0739BD70C884}.Release|Any CPU.Build.0 = Release|Any CPU
		{86BA130F-AC75-4C26-9989-74C48CAE03CF}.Debug|Any CPU.ActiveCfg = Debug|Any CPU
		{86BA130F-AC75-4C26-9989-74C48CAE03CF}.Debug|Any CPU.Build.0 = Debug|Any CPU
		{86BA130F-AC75-4C26-9989-74C48CAE03CF}.Release|Any CPU.ActiveCfg = Release|Any CPU
		{86BA130F-AC75-4C26-9989-74C48CAE03CF}.Release|Any CPU.Build.0 = Release|Any CPU
		{C906ADFF-96AF-4219-B106-1CC1241328E0}.Debug|Any CPU.ActiveCfg = Debug|Any CPU
		{C906ADFF-96AF-4219-B106-1CC1241328E0}.Debug|Any CPU.Build.0 = Debug|Any CPU
		{C906ADFF-96AF-4219-B106-1CC1241328E0}.Release|Any CPU.ActiveCfg = Release|Any CPU
		{C906ADFF-96AF-4219-B106-1CC1241328E0}.Release|Any CPU.Build.0 = Release|Any CPU
		{7BF27748-B5CE-4D86-957C-4DAF1B628431}.Debug|Any CPU.ActiveCfg = Debug|Any CPU
		{7BF27748-B5CE-4D86-957C-4DAF1B628431}.Debug|Any CPU.Build.0 = Debug|Any CPU
		{7BF27748-B5CE-4D86-957C-4DAF1B628431}.Release|Any CPU.ActiveCfg = Release|Any CPU
		{7BF27748-B5CE-4D86-957C-4DAF1B628431}.Release|Any CPU.Build.0 = Release|Any CPU
		{E6052609-A070-41D5-85B9-ACABA91170C5}.Debug|Any CPU.ActiveCfg = Debug|Any CPU
		{E6052609-A070-41D5-85B9-ACABA91170C5}.Debug|Any CPU.Build.0 = Debug|Any CPU
		{E6052609-A070-41D5-85B9-ACABA91170C5}.Release|Any CPU.ActiveCfg = Release|Any CPU
		{E6052609-A070-41D5-85B9-ACABA91170C5}.Release|Any CPU.Build.0 = Release|Any CPU
		{CE009BFA-5EF6-4153-B2A1-2FA79698A9AE}.Debug|Any CPU.ActiveCfg = Debug|Any CPU
		{CE009BFA-5EF6-4153-B2A1-2FA79698A9AE}.Debug|Any CPU.Build.0 = Debug|Any CPU
		{CE009BFA-5EF6-4153-B2A1-2FA79698A9AE}.Release|Any CPU.ActiveCfg = Release|Any CPU
		{CE009BFA-5EF6-4153-B2A1-2FA79698A9AE}.Release|Any CPU.Build.0 = Release|Any CPU
		{19DEA712-F219-4550-91F1-A1AB97F49F03}.Debug|Any CPU.ActiveCfg = Debug|Any CPU
		{19DEA712-F219-4550-91F1-A1AB97F49F03}.Debug|Any CPU.Build.0 = Debug|Any CPU
		{19DEA712-F219-4550-91F1-A1AB97F49F03}.Release|Any CPU.ActiveCfg = Release|Any CPU
		{19DEA712-F219-4550-91F1-A1AB97F49F03}.Release|Any CPU.Build.0 = Release|Any CPU
		{F874A24B-D12B-4452-A9BF-9C8475F1C5AE}.Debug|Any CPU.ActiveCfg = Debug|Any CPU
		{F874A24B-D12B-4452-A9BF-9C8475F1C5AE}.Debug|Any CPU.Build.0 = Debug|Any CPU
		{F874A24B-D12B-4452-A9BF-9C8475F1C5AE}.Release|Any CPU.ActiveCfg = Release|Any CPU
		{F874A24B-D12B-4452-A9BF-9C8475F1C5AE}.Release|Any CPU.Build.0 = Release|Any CPU
		{189E5152-CDA5-4E92-8331-591CE3E1200A}.Debug|Any CPU.ActiveCfg = Debug|Any CPU
		{189E5152-CDA5-4E92-8331-591CE3E1200A}.Debug|Any CPU.Build.0 = Debug|Any CPU
		{189E5152-CDA5-4E92-8331-591CE3E1200A}.Release|Any CPU.ActiveCfg = Release|Any CPU
		{189E5152-CDA5-4E92-8331-591CE3E1200A}.Release|Any CPU.Build.0 = Release|Any CPU
	EndGlobalSection
	GlobalSection(SolutionProperties) = preSolution
		HideSolutionNode = FALSE
	EndGlobalSection
	GlobalSection(NestedProjects) = preSolution
		{3D529AA3-FF22-4E41-9924-0B0777D640B6} = {A90B125A-5680-467C-B24A-592750A36211}
		{1FFEE568-914E-4C27-ACA0-943916D483EC} = {A90B125A-5680-467C-B24A-592750A36211}
		{F874A24B-D12B-4452-A9BF-9C8475F1C5AE} = {A90B125A-5680-467C-B24A-592750A36211}
		{F0B4A7A3-EF20-45EF-8794-BEAC15C9EB22} = {A71586AE-CD93-4D85-913B-FB1FE09FC2A0}
		{86BA130F-AC75-4C26-9989-74C48CAE03CF} = {A71586AE-CD93-4D85-913B-FB1FE09FC2A0}
		{E6052609-A070-41D5-85B9-ACABA91170C5} = {A71586AE-CD93-4D85-913B-FB1FE09FC2A0}
		{CE009BFA-5EF6-4153-B2A1-2FA79698A9AE} = {A71586AE-CD93-4D85-913B-FB1FE09FC2A0}
		{189E5152-CDA5-4E92-8331-591CE3E1200A} = {A71586AE-CD93-4D85-913B-FB1FE09FC2A0}
		{C906ADFF-96AF-4219-B106-1CC1241328E0} = {854804DF-33BC-4EFA-9A9A-22505B5CB573}
		{7BF27748-B5CE-4D86-957C-4DAF1B628431} = {854804DF-33BC-4EFA-9A9A-22505B5CB573}
		{19DEA712-F219-4550-91F1-A1AB97F49F03} = {854804DF-33BC-4EFA-9A9A-22505B5CB573}
	EndGlobalSection
EndGlobal
